// !$*UTF8*$!
{
	archiveVersion = 1;
	classes = {
	};
	objectVersion = 56;
	objects = {

/* Begin PBXBuildFile section */
		3A87FD652987923A0008FCA4 /* ModelData.swift in Sources */ = {isa = PBXBuildFile; fileRef = 3A87FD642987923A0008FCA4 /* ModelData.swift */; };
		3A91A4F4298889120078AE0F /* MessageRow.swift in Sources */ = {isa = PBXBuildFile; fileRef = 3A91A4F3298889120078AE0F /* MessageRow.swift */; };
		3A91A4F629888A140078AE0F /* MessageList.swift in Sources */ = {isa = PBXBuildFile; fileRef = 3A91A4F529888A140078AE0F /* MessageList.swift */; };
		3AA7885F298372DF0051B9CD /* chat_sample_swiftUIApp.swift in Sources */ = {isa = PBXBuildFile; fileRef = 3AA7885E298372DF0051B9CD /* chat_sample_swiftUIApp.swift */; };
		3AA78861298372DF0051B9CD /* ContentView.swift in Sources */ = {isa = PBXBuildFile; fileRef = 3AA78860298372DF0051B9CD /* ContentView.swift */; };
		3AA78863298372E00051B9CD /* Assets.xcassets in Resources */ = {isa = PBXBuildFile; fileRef = 3AA78862298372E00051B9CD /* Assets.xcassets */; };
		3AA78866298372E00051B9CD /* Preview Assets.xcassets in Resources */ = {isa = PBXBuildFile; fileRef = 3AA78865298372E00051B9CD /* Preview Assets.xcassets */; };
		3AA78870298372E00051B9CD /* chat_sample_swiftUITests.swift in Sources */ = {isa = PBXBuildFile; fileRef = 3AA7886F298372E00051B9CD /* chat_sample_swiftUITests.swift */; };
		3AA7887A298372E00051B9CD /* chat_sample_swiftUIUITests.swift in Sources */ = {isa = PBXBuildFile; fileRef = 3AA78879298372E00051B9CD /* chat_sample_swiftUIUITests.swift */; };
		3AA7887C298372E00051B9CD /* chat_sample_swiftUIUITestsLaunchTests.swift in Sources */ = {isa = PBXBuildFile; fileRef = 3AA7887B298372E00051B9CD /* chat_sample_swiftUIUITestsLaunchTests.swift */; };
		3AA7888A29838DC80051B9CD /* AWSAPIPlugin in Frameworks */ = {isa = PBXBuildFile; productRef = 3AA7888929838DC80051B9CD /* AWSAPIPlugin */; };
		3AA7888C29838DC80051B9CD /* AWSDataStorePlugin in Frameworks */ = {isa = PBXBuildFile; productRef = 3AA7888B29838DC80051B9CD /* AWSDataStorePlugin */; };
		3AA7888E29838DC80051B9CD /* Amplify in Frameworks */ = {isa = PBXBuildFile; productRef = 3AA7888D29838DC80051B9CD /* Amplify */; };
		81B09ABD9CC42848FAE536EF /* Message.swift in Sources */ = {isa = PBXBuildFile; fileRef = EC1A0E0AA506BDBA92D5B268 /* Message.swift */; };
		8CB1833B9A4EA2A9E71CC95E /* AmplifyModels.swift in Sources */ = {isa = PBXBuildFile; fileRef = 06F47FB3BE73C344BC8C7325 /* AmplifyModels.swift */; };
		B28BCE0C641C09D9FDB89A94 /* awsconfiguration.json in Resources */ = {isa = PBXBuildFile; fileRef = 8E7BDCB55E70862F386A2E45 /* awsconfiguration.json */; };
		B83D38713D3E71000631B317 /* amplifyconfiguration.json in Resources */ = {isa = PBXBuildFile; fileRef = 60F58BA95A7BB1CE62D9FF31 /* amplifyconfiguration.json */; };
		EB1A98352C8D8E03EFEE4EAD /* Message+Schema.swift in Sources */ = {isa = PBXBuildFile; fileRef = 36C816C5700B2577BD56B1E0 /* Message+Schema.swift */; };
/* End PBXBuildFile section */

/* Begin PBXContainerItemProxy section */
		3AA7886C298372E00051B9CD /* PBXContainerItemProxy */ = {
			isa = PBXContainerItemProxy;
			containerPortal = 3AA78853298372DF0051B9CD /* Project object */;
			proxyType = 1;
			remoteGlobalIDString = 3AA7885A298372DF0051B9CD;
			remoteInfo = "chat-sample-swiftUI";
		};
		3AA78876298372E00051B9CD /* PBXContainerItemProxy */ = {
			isa = PBXContainerItemProxy;
			containerPortal = 3AA78853298372DF0051B9CD /* Project object */;
			proxyType = 1;
			remoteGlobalIDString = 3AA7885A298372DF0051B9CD;
			remoteInfo = "chat-sample-swiftUI";
		};
/* End PBXContainerItemProxy section */

/* Begin PBXFileReference section */
		06F47FB3BE73C344BC8C7325 /* AmplifyModels.swift */ = {isa = PBXFileReference; explicitFileType = sourcecode.swift; name = AmplifyModels.swift; path = amplify/generated/models/AmplifyModels.swift; sourceTree = "<group>"; };
		112A3F1D2988B9F3002FF4A4 /* chat-sample-swiftUI.entitlements */ = {isa = PBXFileReference; lastKnownFileType = text.plist.entitlements; path = "chat-sample-swiftUI.entitlements"; sourceTree = "<group>"; };
		36C816C5700B2577BD56B1E0 /* Message+Schema.swift */ = {isa = PBXFileReference; explicitFileType = sourcecode.swift; name = "Message+Schema.swift"; path = "amplify/generated/models/Message+Schema.swift"; sourceTree = "<group>"; };
		3A87FD642987923A0008FCA4 /* ModelData.swift */ = {isa = PBXFileReference; lastKnownFileType = sourcecode.swift; path = ModelData.swift; sourceTree = "<group>"; };
		3A91A4F3298889120078AE0F /* MessageRow.swift */ = {isa = PBXFileReference; lastKnownFileType = sourcecode.swift; path = MessageRow.swift; sourceTree = "<group>"; };
		3A91A4F529888A140078AE0F /* MessageList.swift */ = {isa = PBXFileReference; lastKnownFileType = sourcecode.swift; path = MessageList.swift; sourceTree = "<group>"; };
		3AA7885B298372DF0051B9CD /* chat-sample-swiftUI.app */ = {isa = PBXFileReference; explicitFileType = wrapper.application; includeInIndex = 0; path = "chat-sample-swiftUI.app"; sourceTree = BUILT_PRODUCTS_DIR; };
		3AA7885E298372DF0051B9CD /* chat_sample_swiftUIApp.swift */ = {isa = PBXFileReference; lastKnownFileType = sourcecode.swift; path = chat_sample_swiftUIApp.swift; sourceTree = "<group>"; };
		3AA78860298372DF0051B9CD /* ContentView.swift */ = {isa = PBXFileReference; lastKnownFileType = sourcecode.swift; path = ContentView.swift; sourceTree = "<group>"; };
		3AA78862298372E00051B9CD /* Assets.xcassets */ = {isa = PBXFileReference; lastKnownFileType = folder.assetcatalog; path = Assets.xcassets; sourceTree = "<group>"; };
		3AA78865298372E00051B9CD /* Preview Assets.xcassets */ = {isa = PBXFileReference; lastKnownFileType = folder.assetcatalog; path = "Preview Assets.xcassets"; sourceTree = "<group>"; };
		3AA7886B298372E00051B9CD /* chat-sample-swiftUITests.xctest */ = {isa = PBXFileReference; explicitFileType = wrapper.cfbundle; includeInIndex = 0; path = "chat-sample-swiftUITests.xctest"; sourceTree = BUILT_PRODUCTS_DIR; };
		3AA7886F298372E00051B9CD /* chat_sample_swiftUITests.swift */ = {isa = PBXFileReference; lastKnownFileType = sourcecode.swift; path = chat_sample_swiftUITests.swift; sourceTree = "<group>"; };
		3AA78875298372E00051B9CD /* chat-sample-swiftUIUITests.xctest */ = {isa = PBXFileReference; explicitFileType = wrapper.cfbundle; includeInIndex = 0; path = "chat-sample-swiftUIUITests.xctest"; sourceTree = BUILT_PRODUCTS_DIR; };
		3AA78879298372E00051B9CD /* chat_sample_swiftUIUITests.swift */ = {isa = PBXFileReference; lastKnownFileType = sourcecode.swift; path = chat_sample_swiftUIUITests.swift; sourceTree = "<group>"; };
		3AA7887B298372E00051B9CD /* chat_sample_swiftUIUITestsLaunchTests.swift */ = {isa = PBXFileReference; lastKnownFileType = sourcecode.swift; path = chat_sample_swiftUIUITestsLaunchTests.swift; sourceTree = "<group>"; };
		60F58BA95A7BB1CE62D9FF31 /* amplifyconfiguration.json */ = {isa = PBXFileReference; explicitFileType = text.json; path = amplifyconfiguration.json; sourceTree = "<group>"; };
		8E7BDCB55E70862F386A2E45 /* awsconfiguration.json */ = {isa = PBXFileReference; explicitFileType = text.json; path = awsconfiguration.json; sourceTree = "<group>"; };
		EC1A0E0AA506BDBA92D5B268 /* Message.swift */ = {isa = PBXFileReference; explicitFileType = sourcecode.swift; name = Message.swift; path = amplify/generated/models/Message.swift; sourceTree = "<group>"; };
/* End PBXFileReference section */

/* Begin PBXFrameworksBuildPhase section */
		3AA78858298372DF0051B9CD /* Frameworks */ = {
			isa = PBXFrameworksBuildPhase;
			buildActionMask = 2147483647;
			files = (
				3AA7888E29838DC80051B9CD /* Amplify in Frameworks */,
				3AA7888A29838DC80051B9CD /* AWSAPIPlugin in Frameworks */,
				3AA7888C29838DC80051B9CD /* AWSDataStorePlugin in Frameworks */,
			);
			runOnlyForDeploymentPostprocessing = 0;
		};
		3AA78868298372E00051B9CD /* Frameworks */ = {
			isa = PBXFrameworksBuildPhase;
			buildActionMask = 2147483647;
			files = (
			);
			runOnlyForDeploymentPostprocessing = 0;
		};
		3AA78872298372E00051B9CD /* Frameworks */ = {
			isa = PBXFrameworksBuildPhase;
			buildActionMask = 2147483647;
			files = (
			);
			runOnlyForDeploymentPostprocessing = 0;
		};
/* End PBXFrameworksBuildPhase section */

/* Begin PBXGroup section */
		219B09CF55B44C0EF39AE11A /* AmplifyModels */ = {
			isa = PBXGroup;
			children = (
				06F47FB3BE73C344BC8C7325 /* AmplifyModels.swift */,
				36C816C5700B2577BD56B1E0 /* Message+Schema.swift */,
				EC1A0E0AA506BDBA92D5B268 /* Message.swift */,
			);
			name = AmplifyModels;
			sourceTree = "<group>";
		};
		3A3978802987CA1E00F30E3A /* Model */ = {
			isa = PBXGroup;
			children = (
				3A87FD642987923A0008FCA4 /* ModelData.swift */,
			);
			path = Model;
			sourceTree = "<group>";
		};
		3AA78852298372DF0051B9CD = {
			isa = PBXGroup;
			children = (
				3AA7885D298372DF0051B9CD /* chat-sample-swiftUI */,
				3AA7886E298372E00051B9CD /* chat-sample-swiftUITests */,
				3AA78878298372E00051B9CD /* chat-sample-swiftUIUITests */,
				3AA7885C298372DF0051B9CD /* Products */,
				C8A03AE0C26F68A1606252FD /* AmplifyConfig */,
				219B09CF55B44C0EF39AE11A /* AmplifyModels */,
			);
			sourceTree = "<group>";
		};
		3AA7885C298372DF0051B9CD /* Products */ = {
			isa = PBXGroup;
			children = (
				3AA7885B298372DF0051B9CD /* chat-sample-swiftUI.app */,
				3AA7886B298372E00051B9CD /* chat-sample-swiftUITests.xctest */,
				3AA78875298372E00051B9CD /* chat-sample-swiftUIUITests.xctest */,
			);
			name = Products;
			sourceTree = "<group>";
		};
		3AA7885D298372DF0051B9CD /* chat-sample-swiftUI */ = {
			isa = PBXGroup;
			children = (
				112A3F1D2988B9F3002FF4A4 /* chat-sample-swiftUI.entitlements */,
				3A3978802987CA1E00F30E3A /* Model */,
				3AA7885E298372DF0051B9CD /* chat_sample_swiftUIApp.swift */,
				3A91A4F3298889120078AE0F /* MessageRow.swift */,
				3A91A4F529888A140078AE0F /* MessageList.swift */,
				3AA78860298372DF0051B9CD /* ContentView.swift */,
				3AA78862298372E00051B9CD /* Assets.xcassets */,
				3AA78864298372E00051B9CD /* Preview Content */,
			);
			path = "chat-sample-swiftUI";
			sourceTree = "<group>";
		};
		3AA78864298372E00051B9CD /* Preview Content */ = {
			isa = PBXGroup;
			children = (
				3AA78865298372E00051B9CD /* Preview Assets.xcassets */,
			);
			path = "Preview Content";
			sourceTree = "<group>";
		};
		3AA7886E298372E00051B9CD /* chat-sample-swiftUITests */ = {
			isa = PBXGroup;
			children = (
				3AA7886F298372E00051B9CD /* chat_sample_swiftUITests.swift */,
			);
			path = "chat-sample-swiftUITests";
			sourceTree = "<group>";
		};
		3AA78878298372E00051B9CD /* chat-sample-swiftUIUITests */ = {
			isa = PBXGroup;
			children = (
				3AA78879298372E00051B9CD /* chat_sample_swiftUIUITests.swift */,
				3AA7887B298372E00051B9CD /* chat_sample_swiftUIUITestsLaunchTests.swift */,
			);
			path = "chat-sample-swiftUIUITests";
			sourceTree = "<group>";
		};
		C8A03AE0C26F68A1606252FD /* AmplifyConfig */ = {
			isa = PBXGroup;
			children = (
				8E7BDCB55E70862F386A2E45 /* awsconfiguration.json */,
				60F58BA95A7BB1CE62D9FF31 /* amplifyconfiguration.json */,
			);
			name = AmplifyConfig;
			sourceTree = "<group>";
		};
/* End PBXGroup section */

/* Begin PBXNativeTarget section */
		3AA7885A298372DF0051B9CD /* chat-sample-swiftUI */ = {
			isa = PBXNativeTarget;
			buildConfigurationList = 3AA7887F298372E00051B9CD /* Build configuration list for PBXNativeTarget "chat-sample-swiftUI" */;
			buildPhases = (
				3AA78857298372DF0051B9CD /* Sources */,
				3AA78858298372DF0051B9CD /* Frameworks */,
				3AA78859298372DF0051B9CD /* Resources */,
			);
			buildRules = (
			);
			dependencies = (
			);
			name = "chat-sample-swiftUI";
			packageProductDependencies = (
				3AA7888929838DC80051B9CD /* AWSAPIPlugin */,
				3AA7888B29838DC80051B9CD /* AWSDataStorePlugin */,
				3AA7888D29838DC80051B9CD /* Amplify */,
			);
			productName = "chat-sample-swiftUI";
			productReference = 3AA7885B298372DF0051B9CD /* chat-sample-swiftUI.app */;
			productType = "com.apple.product-type.application";
		};
		3AA7886A298372E00051B9CD /* chat-sample-swiftUITests */ = {
			isa = PBXNativeTarget;
			buildConfigurationList = 3AA78882298372E00051B9CD /* Build configuration list for PBXNativeTarget "chat-sample-swiftUITests" */;
			buildPhases = (
				3AA78867298372E00051B9CD /* Sources */,
				3AA78868298372E00051B9CD /* Frameworks */,
				3AA78869298372E00051B9CD /* Resources */,
			);
			buildRules = (
			);
			dependencies = (
				3AA7886D298372E00051B9CD /* PBXTargetDependency */,
			);
			name = "chat-sample-swiftUITests";
			productName = "chat-sample-swiftUITests";
			productReference = 3AA7886B298372E00051B9CD /* chat-sample-swiftUITests.xctest */;
			productType = "com.apple.product-type.bundle.unit-test";
		};
		3AA78874298372E00051B9CD /* chat-sample-swiftUIUITests */ = {
			isa = PBXNativeTarget;
			buildConfigurationList = 3AA78885298372E00051B9CD /* Build configuration list for PBXNativeTarget "chat-sample-swiftUIUITests" */;
			buildPhases = (
				3AA78871298372E00051B9CD /* Sources */,
				3AA78872298372E00051B9CD /* Frameworks */,
				3AA78873298372E00051B9CD /* Resources */,
			);
			buildRules = (
			);
			dependencies = (
				3AA78877298372E00051B9CD /* PBXTargetDependency */,
			);
			name = "chat-sample-swiftUIUITests";
			productName = "chat-sample-swiftUIUITests";
			productReference = 3AA78875298372E00051B9CD /* chat-sample-swiftUIUITests.xctest */;
			productType = "com.apple.product-type.bundle.ui-testing";
		};
/* End PBXNativeTarget section */

/* Begin PBXProject section */
		3AA78853298372DF0051B9CD /* Project object */ = {
			isa = PBXProject;
			attributes = {
				BuildIndependentTargetsInParallel = 1;
				LastSwiftUpdateCheck = 1410;
				LastUpgradeCheck = 1410;
				TargetAttributes = {
					3AA7885A298372DF0051B9CD = {
						CreatedOnToolsVersion = 14.1;
					};
					3AA7886A298372E00051B9CD = {
						CreatedOnToolsVersion = 14.1;
						TestTargetID = 3AA7885A298372DF0051B9CD;
					};
					3AA78874298372E00051B9CD = {
						CreatedOnToolsVersion = 14.1;
						TestTargetID = 3AA7885A298372DF0051B9CD;
					};
				};
			};
			buildConfigurationList = 3AA78856298372DF0051B9CD /* Build configuration list for PBXProject "chat-sample-swiftUI" */;
			compatibilityVersion = "Xcode 14.0";
			developmentRegion = en;
			hasScannedForEncodings = 0;
			knownRegions = (
				en,
				Base,
			);
			mainGroup = 3AA78852298372DF0051B9CD;
			packageReferences = (
				3AA7888829838DC80051B9CD /* XCRemoteSwiftPackageReference "amplify-swift" */,
			);
			productRefGroup = 3AA7885C298372DF0051B9CD /* Products */;
			projectDirPath = "";
			projectRoot = "";
			targets = (
				3AA7885A298372DF0051B9CD /* chat-sample-swiftUI */,
				3AA7886A298372E00051B9CD /* chat-sample-swiftUITests */,
				3AA78874298372E00051B9CD /* chat-sample-swiftUIUITests */,
			);
		};
/* End PBXProject section */

/* Begin PBXResourcesBuildPhase section */
		3AA78859298372DF0051B9CD /* Resources */ = {
			isa = PBXResourcesBuildPhase;
			buildActionMask = 2147483647;
			files = (
				3AA78866298372E00051B9CD /* Preview Assets.xcassets in Resources */,
				3AA78863298372E00051B9CD /* Assets.xcassets in Resources */,
				B28BCE0C641C09D9FDB89A94 /* awsconfiguration.json in Resources */,
				B83D38713D3E71000631B317 /* amplifyconfiguration.json in Resources */,
			);
			runOnlyForDeploymentPostprocessing = 0;
		};
		3AA78869298372E00051B9CD /* Resources */ = {
			isa = PBXResourcesBuildPhase;
			buildActionMask = 2147483647;
			files = (
			);
			runOnlyForDeploymentPostprocessing = 0;
		};
		3AA78873298372E00051B9CD /* Resources */ = {
			isa = PBXResourcesBuildPhase;
			buildActionMask = 2147483647;
			files = (
			);
			runOnlyForDeploymentPostprocessing = 0;
		};
/* End PBXResourcesBuildPhase section */

/* Begin PBXSourcesBuildPhase section */
		3AA78857298372DF0051B9CD /* Sources */ = {
			isa = PBXSourcesBuildPhase;
			buildActionMask = 2147483647;
			files = (
				3AA78861298372DF0051B9CD /* ContentView.swift in Sources */,
				3AA7885F298372DF0051B9CD /* chat_sample_swiftUIApp.swift in Sources */,
				8CB1833B9A4EA2A9E71CC95E /* AmplifyModels.swift in Sources */,
				EB1A98352C8D8E03EFEE4EAD /* Message+Schema.swift in Sources */,
				3A91A4F4298889120078AE0F /* MessageRow.swift in Sources */,
				3A91A4F629888A140078AE0F /* MessageList.swift in Sources */,
				81B09ABD9CC42848FAE536EF /* Message.swift in Sources */,
				3A87FD652987923A0008FCA4 /* ModelData.swift in Sources */,
			);
			runOnlyForDeploymentPostprocessing = 0;
		};
		3AA78867298372E00051B9CD /* Sources */ = {
			isa = PBXSourcesBuildPhase;
			buildActionMask = 2147483647;
			files = (
				3AA78870298372E00051B9CD /* chat_sample_swiftUITests.swift in Sources */,
			);
			runOnlyForDeploymentPostprocessing = 0;
		};
		3AA78871298372E00051B9CD /* Sources */ = {
			isa = PBXSourcesBuildPhase;
			buildActionMask = 2147483647;
			files = (
				3AA7887C298372E00051B9CD /* chat_sample_swiftUIUITestsLaunchTests.swift in Sources */,
				3AA7887A298372E00051B9CD /* chat_sample_swiftUIUITests.swift in Sources */,
			);
			runOnlyForDeploymentPostprocessing = 0;
		};
/* End PBXSourcesBuildPhase section */

/* Begin PBXTargetDependency section */
		3AA7886D298372E00051B9CD /* PBXTargetDependency */ = {
			isa = PBXTargetDependency;
			target = 3AA7885A298372DF0051B9CD /* chat-sample-swiftUI */;
			targetProxy = 3AA7886C298372E00051B9CD /* PBXContainerItemProxy */;
		};
		3AA78877298372E00051B9CD /* PBXTargetDependency */ = {
			isa = PBXTargetDependency;
			target = 3AA7885A298372DF0051B9CD /* chat-sample-swiftUI */;
			targetProxy = 3AA78876298372E00051B9CD /* PBXContainerItemProxy */;
		};
/* End PBXTargetDependency section */

/* Begin XCBuildConfiguration section */
		3AA7887D298372E00051B9CD /* Debug */ = {
			isa = XCBuildConfiguration;
			buildSettings = {
				ALWAYS_SEARCH_USER_PATHS = NO;
				CLANG_ANALYZER_NONNULL = YES;
				CLANG_ANALYZER_NUMBER_OBJECT_CONVERSION = YES_AGGRESSIVE;
				CLANG_CXX_LANGUAGE_STANDARD = "gnu++20";
				CLANG_ENABLE_MODULES = YES;
				CLANG_ENABLE_OBJC_ARC = YES;
				CLANG_ENABLE_OBJC_WEAK = YES;
				CLANG_WARN_BLOCK_CAPTURE_AUTORELEASING = YES;
				CLANG_WARN_BOOL_CONVERSION = YES;
				CLANG_WARN_COMMA = YES;
				CLANG_WARN_CONSTANT_CONVERSION = YES;
				CLANG_WARN_DEPRECATED_OBJC_IMPLEMENTATIONS = YES;
				CLANG_WARN_DIRECT_OBJC_ISA_USAGE = YES_ERROR;
				CLANG_WARN_DOCUMENTATION_COMMENTS = YES;
				CLANG_WARN_EMPTY_BODY = YES;
				CLANG_WARN_ENUM_CONVERSION = YES;
				CLANG_WARN_INFINITE_RECURSION = YES;
				CLANG_WARN_INT_CONVERSION = YES;
				CLANG_WARN_NON_LITERAL_NULL_CONVERSION = YES;
				CLANG_WARN_OBJC_IMPLICIT_RETAIN_SELF = YES;
				CLANG_WARN_OBJC_LITERAL_CONVERSION = YES;
				CLANG_WARN_OBJC_ROOT_CLASS = YES_ERROR;
				CLANG_WARN_QUOTED_INCLUDE_IN_FRAMEWORK_HEADER = YES;
				CLANG_WARN_RANGE_LOOP_ANALYSIS = YES;
				CLANG_WARN_STRICT_PROTOTYPES = YES;
				CLANG_WARN_SUSPICIOUS_MOVE = YES;
				CLANG_WARN_UNGUARDED_AVAILABILITY = YES_AGGRESSIVE;
				CLANG_WARN_UNREACHABLE_CODE = YES;
				CLANG_WARN__DUPLICATE_METHOD_MATCH = YES;
				COPY_PHASE_STRIP = NO;
				DEBUG_INFORMATION_FORMAT = dwarf;
				ENABLE_STRICT_OBJC_MSGSEND = YES;
				ENABLE_TESTABILITY = YES;
				GCC_C_LANGUAGE_STANDARD = gnu11;
				GCC_DYNAMIC_NO_PIC = NO;
				GCC_NO_COMMON_BLOCKS = YES;
				GCC_OPTIMIZATION_LEVEL = 0;
				GCC_PREPROCESSOR_DEFINITIONS = (
					"DEBUG=1",
					"$(inherited)",
				);
				GCC_WARN_64_TO_32_BIT_CONVERSION = YES;
				GCC_WARN_ABOUT_RETURN_TYPE = YES_ERROR;
				GCC_WARN_UNDECLARED_SELECTOR = YES;
				GCC_WARN_UNINITIALIZED_AUTOS = YES_AGGRESSIVE;
				GCC_WARN_UNUSED_FUNCTION = YES;
				GCC_WARN_UNUSED_VARIABLE = YES;
				IPHONEOS_DEPLOYMENT_TARGET = 16.1;
				MTL_ENABLE_DEBUG_INFO = INCLUDE_SOURCE;
				MTL_FAST_MATH = YES;
				ONLY_ACTIVE_ARCH = YES;
				SDKROOT = iphoneos;
				SWIFT_ACTIVE_COMPILATION_CONDITIONS = DEBUG;
				SWIFT_OPTIMIZATION_LEVEL = "-Onone";
			};
			name = Debug;
		};
		3AA7887E298372E00051B9CD /* Release */ = {
			isa = XCBuildConfiguration;
			buildSettings = {
				ALWAYS_SEARCH_USER_PATHS = NO;
				CLANG_ANALYZER_NONNULL = YES;
				CLANG_ANALYZER_NUMBER_OBJECT_CONVERSION = YES_AGGRESSIVE;
				CLANG_CXX_LANGUAGE_STANDARD = "gnu++20";
				CLANG_ENABLE_MODULES = YES;
				CLANG_ENABLE_OBJC_ARC = YES;
				CLANG_ENABLE_OBJC_WEAK = YES;
				CLANG_WARN_BLOCK_CAPTURE_AUTORELEASING = YES;
				CLANG_WARN_BOOL_CONVERSION = YES;
				CLANG_WARN_COMMA = YES;
				CLANG_WARN_CONSTANT_CONVERSION = YES;
				CLANG_WARN_DEPRECATED_OBJC_IMPLEMENTATIONS = YES;
				CLANG_WARN_DIRECT_OBJC_ISA_USAGE = YES_ERROR;
				CLANG_WARN_DOCUMENTATION_COMMENTS = YES;
				CLANG_WARN_EMPTY_BODY = YES;
				CLANG_WARN_ENUM_CONVERSION = YES;
				CLANG_WARN_INFINITE_RECURSION = YES;
				CLANG_WARN_INT_CONVERSION = YES;
				CLANG_WARN_NON_LITERAL_NULL_CONVERSION = YES;
				CLANG_WARN_OBJC_IMPLICIT_RETAIN_SELF = YES;
				CLANG_WARN_OBJC_LITERAL_CONVERSION = YES;
				CLANG_WARN_OBJC_ROOT_CLASS = YES_ERROR;
				CLANG_WARN_QUOTED_INCLUDE_IN_FRAMEWORK_HEADER = YES;
				CLANG_WARN_RANGE_LOOP_ANALYSIS = YES;
				CLANG_WARN_STRICT_PROTOTYPES = YES;
				CLANG_WARN_SUSPICIOUS_MOVE = YES;
				CLANG_WARN_UNGUARDED_AVAILABILITY = YES_AGGRESSIVE;
				CLANG_WARN_UNREACHABLE_CODE = YES;
				CLANG_WARN__DUPLICATE_METHOD_MATCH = YES;
				COPY_PHASE_STRIP = NO;
				DEBUG_INFORMATION_FORMAT = "dwarf-with-dsym";
				ENABLE_NS_ASSERTIONS = NO;
				ENABLE_STRICT_OBJC_MSGSEND = YES;
				GCC_C_LANGUAGE_STANDARD = gnu11;
				GCC_NO_COMMON_BLOCKS = YES;
				GCC_WARN_64_TO_32_BIT_CONVERSION = YES;
				GCC_WARN_ABOUT_RETURN_TYPE = YES_ERROR;
				GCC_WARN_UNDECLARED_SELECTOR = YES;
				GCC_WARN_UNINITIALIZED_AUTOS = YES_AGGRESSIVE;
				GCC_WARN_UNUSED_FUNCTION = YES;
				GCC_WARN_UNUSED_VARIABLE = YES;
				IPHONEOS_DEPLOYMENT_TARGET = 16.1;
				MTL_ENABLE_DEBUG_INFO = NO;
				MTL_FAST_MATH = YES;
				SDKROOT = iphoneos;
				SWIFT_COMPILATION_MODE = wholemodule;
				SWIFT_OPTIMIZATION_LEVEL = "-O";
				VALIDATE_PRODUCT = YES;
			};
			name = Release;
		};
		3AA78880298372E00051B9CD /* Debug */ = {
			isa = XCBuildConfiguration;
			buildSettings = {
				ASSETCATALOG_COMPILER_APPICON_NAME = AppIcon;
				ASSETCATALOG_COMPILER_GLOBAL_ACCENT_COLOR_NAME = AccentColor;
				CODE_SIGN_ENTITLEMENTS = "chat-sample-swiftUI/chat-sample-swiftUI.entitlements";
				CODE_SIGN_STYLE = Automatic;
				CURRENT_PROJECT_VERSION = 1;
				DEVELOPMENT_ASSET_PATHS = "\"chat-sample-swiftUI/Preview Content\"";
				DEVELOPMENT_TEAM = 575NKNQV6Z;
				ENABLE_PREVIEWS = YES;
				GENERATE_INFOPLIST_FILE = YES;
				INFOPLIST_KEY_UIApplicationSceneManifest_Generation = YES;
				INFOPLIST_KEY_UIApplicationSupportsIndirectInputEvents = YES;
				INFOPLIST_KEY_UILaunchScreen_Generation = YES;
				INFOPLIST_KEY_UISupportedInterfaceOrientations_iPad = "UIInterfaceOrientationPortrait UIInterfaceOrientationPortraitUpsideDown UIInterfaceOrientationLandscapeLeft UIInterfaceOrientationLandscapeRight";
				INFOPLIST_KEY_UISupportedInterfaceOrientations_iPhone = "UIInterfaceOrientationPortrait UIInterfaceOrientationLandscapeLeft UIInterfaceOrientationLandscapeRight";
				LD_RUNPATH_SEARCH_PATHS = (
					"$(inherited)",
					"@executable_path/Frameworks",
				);
				MARKETING_VERSION = 1.0;
				PRODUCT_BUNDLE_IDENTIFIER = "com.dig-oneup.chat-sample-swiftUI";
				PRODUCT_NAME = "$(TARGET_NAME)";
				SWIFT_EMIT_LOC_STRINGS = YES;
				SWIFT_VERSION = 5.0;
				TARGETED_DEVICE_FAMILY = "1,2";
			};
			name = Debug;
		};
		3AA78881298372E00051B9CD /* Release */ = {
			isa = XCBuildConfiguration;
			buildSettings = {
				ASSETCATALOG_COMPILER_APPICON_NAME = AppIcon;
				ASSETCATALOG_COMPILER_GLOBAL_ACCENT_COLOR_NAME = AccentColor;
				CODE_SIGN_ENTITLEMENTS = "chat-sample-swiftUI/chat-sample-swiftUI.entitlements";
				CODE_SIGN_STYLE = Automatic;
				CURRENT_PROJECT_VERSION = 1;
				DEVELOPMENT_ASSET_PATHS = "\"chat-sample-swiftUI/Preview Content\"";
				DEVELOPMENT_TEAM = 575NKNQV6Z;
				ENABLE_PREVIEWS = YES;
				GENERATE_INFOPLIST_FILE = YES;
				INFOPLIST_KEY_UIApplicationSceneManifest_Generation = YES;
				INFOPLIST_KEY_UIApplicationSupportsIndirectInputEvents = YES;
				INFOPLIST_KEY_UILaunchScreen_Generation = YES;
				INFOPLIST_KEY_UISupportedInterfaceOrientations_iPad = "UIInterfaceOrientationPortrait UIInterfaceOrientationPortraitUpsideDown UIInterfaceOrientationLandscapeLeft UIInterfaceOrientationLandscapeRight";
				INFOPLIST_KEY_UISupportedInterfaceOrientations_iPhone = "UIInterfaceOrientationPortrait UIInterfaceOrientationLandscapeLeft UIInterfaceOrientationLandscapeRight";
				LD_RUNPATH_SEARCH_PATHS = (
					"$(inherited)",
					"@executable_path/Frameworks",
				);
				MARKETING_VERSION = 1.0;
				PRODUCT_BUNDLE_IDENTIFIER = "com.dig-oneup.chat-sample-swiftUI";
				PRODUCT_NAME = "$(TARGET_NAME)";
				SWIFT_EMIT_LOC_STRINGS = YES;
				SWIFT_VERSION = 5.0;
				TARGETED_DEVICE_FAMILY = "1,2";
			};
			name = Release;
		};
		3AA78883298372E00051B9CD /* Debug */ = {
			isa = XCBuildConfiguration;
			buildSettings = {
				ALWAYS_EMBED_SWIFT_STANDARD_LIBRARIES = YES;
				BUNDLE_LOADER = "$(TEST_HOST)";
				CODE_SIGN_STYLE = Automatic;
				CURRENT_PROJECT_VERSION = 1;
				DEVELOPMENT_TEAM = 4W9BJUAY8P;
				GENERATE_INFOPLIST_FILE = YES;
				IPHONEOS_DEPLOYMENT_TARGET = 16.1;
				MARKETING_VERSION = 1.0;
				PRODUCT_BUNDLE_IDENTIFIER = "com.sjyt.chat-sample-swiftUITests";
				PRODUCT_NAME = "$(TARGET_NAME)";
				SWIFT_EMIT_LOC_STRINGS = NO;
				SWIFT_VERSION = 5.0;
				TARGETED_DEVICE_FAMILY = "1,2";
				TEST_HOST = "$(BUILT_PRODUCTS_DIR)/chat-sample-swiftUI.app/$(BUNDLE_EXECUTABLE_FOLDER_PATH)/chat-sample-swiftUI";
			};
			name = Debug;
		};
		3AA78884298372E00051B9CD /* Release */ = {
			isa = XCBuildConfiguration;
			buildSettings = {
				ALWAYS_EMBED_SWIFT_STANDARD_LIBRARIES = YES;
				BUNDLE_LOADER = "$(TEST_HOST)";
				CODE_SIGN_STYLE = Automatic;
				CURRENT_PROJECT_VERSION = 1;
				DEVELOPMENT_TEAM = 4W9BJUAY8P;
				GENERATE_INFOPLIST_FILE = YES;
				IPHONEOS_DEPLOYMENT_TARGET = 16.1;
				MARKETING_VERSION = 1.0;
				PRODUCT_BUNDLE_IDENTIFIER = "com.sjyt.chat-sample-swiftUITests";
				PRODUCT_NAME = "$(TARGET_NAME)";
				SWIFT_EMIT_LOC_STRINGS = NO;
				SWIFT_VERSION = 5.0;
				TARGETED_DEVICE_FAMILY = "1,2";
				TEST_HOST = "$(BUILT_PRODUCTS_DIR)/chat-sample-swiftUI.app/$(BUNDLE_EXECUTABLE_FOLDER_PATH)/chat-sample-swiftUI";
			};
			name = Release;
		};
		3AA78886298372E00051B9CD /* Debug */ = {
			isa = XCBuildConfiguration;
			buildSettings = {
				ALWAYS_EMBED_SWIFT_STANDARD_LIBRARIES = YES;
				CODE_SIGN_STYLE = Automatic;
				CURRENT_PROJECT_VERSION = 1;
				DEVELOPMENT_TEAM = 4W9BJUAY8P;
				GENERATE_INFOPLIST_FILE = YES;
				MARKETING_VERSION = 1.0;
				PRODUCT_BUNDLE_IDENTIFIER = "com.sjyt.chat-sample-swiftUIUITests";
				PRODUCT_NAME = "$(TARGET_NAME)";
				SWIFT_EMIT_LOC_STRINGS = NO;
				SWIFT_VERSION = 5.0;
				TARGETED_DEVICE_FAMILY = "1,2";
				TEST_TARGET_NAME = "chat-sample-swiftUI";
			};
			name = Debug;
		};
		3AA78887298372E00051B9CD /* Release */ = {
			isa = XCBuildConfiguration;
			buildSettings = {
				ALWAYS_EMBED_SWIFT_STANDARD_LIBRARIES = YES;
				CODE_SIGN_STYLE = Automatic;
				CURRENT_PROJECT_VERSION = 1;
				DEVELOPMENT_TEAM = 4W9BJUAY8P;
				GENERATE_INFOPLIST_FILE = YES;
				MARKETING_VERSION = 1.0;
				PRODUCT_BUNDLE_IDENTIFIER = "com.sjyt.chat-sample-swiftUIUITests";
				PRODUCT_NAME = "$(TARGET_NAME)";
				SWIFT_EMIT_LOC_STRINGS = NO;
				SWIFT_VERSION = 5.0;
				TARGETED_DEVICE_FAMILY = "1,2";
				TEST_TARGET_NAME = "chat-sample-swiftUI";
			};
			name = Release;
		};
/* End XCBuildConfiguration section */

/* Begin XCConfigurationList section */
		3AA78856298372DF0051B9CD /* Build configuration list for PBXProject "chat-sample-swiftUI" */ = {
			isa = XCConfigurationList;
			buildConfigurations = (
				3AA7887D298372E00051B9CD /* Debug */,
				3AA7887E298372E00051B9CD /* Release */,
			);
			defaultConfigurationIsVisible = 0;
			defaultConfigurationName = Release;
		};
		3AA7887F298372E00051B9CD /* Build configuration list for PBXNativeTarget "chat-sample-swiftUI" */ = {
			isa = XCConfigurationList;
			buildConfigurations = (
				3AA78880298372E00051B9CD /* Debug */,
				3AA78881298372E00051B9CD /* Release */,
			);
			defaultConfigurationIsVisible = 0;
			defaultConfigurationName = Release;
		};
		3AA78882298372E00051B9CD /* Build configuration list for PBXNativeTarget "chat-sample-swiftUITests" */ = {
			isa = XCConfigurationList;
			buildConfigurations = (
				3AA78883298372E00051B9CD /* Debug */,
				3AA78884298372E00051B9CD /* Release */,
			);
			defaultConfigurationIsVisible = 0;
			defaultConfigurationName = Release;
		};
		3AA78885298372E00051B9CD /* Build configuration list for PBXNativeTarget "chat-sample-swiftUIUITests" */ = {
			isa = XCConfigurationList;
			buildConfigurations = (
				3AA78886298372E00051B9CD /* Debug */,
				3AA78887298372E00051B9CD /* Release */,
			);
			defaultConfigurationIsVisible = 0;
			defaultConfigurationName = Release;
		};
/* End XCConfigurationList section */

/* Begin XCRemoteSwiftPackageReference section */
		3AA7888829838DC80051B9CD /* XCRemoteSwiftPackageReference "amplify-swift" */ = {
			isa = XCRemoteSwiftPackageReference;
			repositoryURL = "https://github.com/aws-amplify/amplify-swift";
			requirement = {
				branch = main;
				kind = branch;
			};
		};
/* End XCRemoteSwiftPackageReference section */

/* Begin XCSwiftPackageProductDependency section */
		3AA7888929838DC80051B9CD /* AWSAPIPlugin */ = {
			isa = XCSwiftPackageProductDependency;
			package = 3AA7888829838DC80051B9CD /* XCRemoteSwiftPackageReference "amplify-swift" */;
			productName = AWSAPIPlugin;
		};
		3AA7888B29838DC80051B9CD /* AWSDataStorePlugin */ = {
			isa = XCSwiftPackageProductDependency;
			package = 3AA7888829838DC80051B9CD /* XCRemoteSwiftPackageReference "amplify-swift" */;
			productName = AWSDataStorePlugin;
		};
		3AA7888D29838DC80051B9CD /* Amplify */ = {
			isa = XCSwiftPackageProductDependency;
			package = 3AA7888829838DC80051B9CD /* XCRemoteSwiftPackageReference "amplify-swift" */;
			productName = Amplify;
		};
/* End XCSwiftPackageProductDependency section */
	};
	rootObject = 3AA78853298372DF0051B9CD /* Project object */;
}
